
Microsoft Visual Studio Solution File, Format Version 12.00
# Visual Studio Version 16
VisualStudioVersion = 16.0.29613.14
MinimumVisualStudioVersion = 10.0.40219.1
Project("{FAE04EC0-301F-11D3-BF4B-00C04F79EFBC}") = "CoroutinesAssignment", "CoroutinesAssignment\CoroutinesAssignment.csproj", "{86C888A4-257E-4D27-950A-44F72482FF74}"
EndProject
Global
	GlobalSection(SolutionConfigurationPlatforms) = preSolution
		Debug|Any CPU = Debug|Any CPU
		Release|Any CPU = Release|Any CPU
	EndGlobalSection
	GlobalSection(ProjectConfigurationPlatforms) = postSolution
		{86C888A4-257E-4D27-950A-44F72482FF74}.Debug|Any CPU.ActiveCfg = Debug|Any CPU
		{86C888A4-257E-4D27-950A-44F72482FF74}.Debug|Any CPU.Build.0 = Debug|Any CPU
		{86C888A4-257E-4D27-950A-44F72482FF74}.Release|Any CPU.ActiveCfg = Release|Any CPU
		{86C888A4-257E-4D27-950A-44F72482FF74}.Release|Any CPU.Build.0 = Release|Any CPU
	EndGlobalSection
	GlobalSection(SolutionProperties) = preSolution
		HideSolutionNode = FALSE
	EndGlobalSection
	GlobalSection(ExtensibilityGlobals) = postSolution
		SolutionGuid = {D67FBD73-B52A-49B4-B0D0-FAEB2E53BA7F}
	EndGlobalSection
EndGlobal
